<?xml version="1.0" encoding="utf-8"?>
<Project ToolsVersion="14.0" xmlns="http://schemas.microsoft.com/developer/msbuild/2003">
  <ItemGroup>
    <ClCompile Include="C:\Users\Azim\Documents\CRYENGINE Projects\The Third Law\Solutions\FirstPersonShooterTemplate.win_x64\Uber.cpp">
      <Filter>UBER FILES</Filter>
    </ClCompile>
    <ClCompile Include="C:\Users\Azim\Documents\CRYENGINE Projects\The Third Law\Code\StdAfx.cpp">
      <Filter>Dll</Filter>
    </ClCompile>
    <ClCompile Include="NameGenerator.cpp">
      <Filter>Game\ThirdLaw\Properties</Filter>
    </ClCompile>
    <ClCompile Include="Property.cpp">
      <Filter>Game\ThirdLaw\Properties</Filter>
    </ClCompile>
    <ClCompile Include="TierGenerator.cpp">
      <Filter>Game\ThirdLaw\Properties</Filter>
    </ClCompile>
    <ClCompile Include="Rock.cpp">
      <Filter>Game\ThirdLaw\Objects</Filter>
    </ClCompile>
    <ClCompile Include="EntitySpawner.cpp">
      <Filter>Game\ThirdLaw\Objects</Filter>
    </ClCompile>
    <ClCompile Include="Log.cpp">
      <Filter>Game\ThirdLaw\Objects</Filter>
    </ClCompile>
    <ClCompile Include="MyArea.cpp">
      <Filter>Game\ThirdLaw\Objects</Filter>
    </ClCompile>
  </ItemGroup>
  <ItemGroup>
    <ClInclude Include="C:\Users\Azim\Documents\CRYENGINE Projects\The Third Law\Code\StdAfx.h">
      <Filter>Dll</Filter>
    </ClInclude>
    <ClInclude Include="C:\Users\Azim\Documents\CRYENGINE Projects\The Third Law\Code\EditorSpecific\EditorGame.cpp">
      <Filter>EditorSpecific</Filter>
    </ClInclude>
    <ClInclude Include="C:\Users\Azim\Documents\CRYENGINE Projects\The Third Law\Code\EditorSpecific\EditorGame.h">
      <Filter>EditorSpecific</Filter>
    </ClInclude>
    <ClInclude Include="C:\Users\Azim\Documents\CRYENGINE Projects\The Third Law\Code\Game\Game.cpp">
      <Filter>Game</Filter>
    </ClInclude>
    <ClInclude Include="C:\Users\Azim\Documents\CRYENGINE Projects\The Third Law\Code\Game\Game.h">
      <Filter>Game</Filter>
    </ClInclude>
    <ClInclude Include="C:\Users\Azim\Documents\CRYENGINE Projects\The Third Law\Code\Game\GameRules.cpp">
      <Filter>Game</Filter>
    </ClInclude>
    <ClInclude Include="C:\Users\Azim\Documents\CRYENGINE Projects\The Third Law\Code\Game\GameRules.h">
      <Filter>Game</Filter>
    </ClInclude>
    <ClInclude Include="C:\Users\Azim\Documents\CRYENGINE Projects\The Third Law\Code\Game\GameFactory.cpp">
      <Filter>Game</Filter>
    </ClInclude>
    <ClInclude Include="C:\Users\Azim\Documents\CRYENGINE Projects\The Third Law\Code\Game\GameFactory.h">
      <Filter>Game</Filter>
    </ClInclude>
    <ClInclude Include="C:\Users\Azim\Documents\CRYENGINE Projects\The Third Law\Code\FlowNodes\Helpers\FlowBaseNode.h">
      <Filter>Flownodes</Filter>
    </ClInclude>
    <ClInclude Include="C:\Users\Azim\Documents\CRYENGINE Projects\The Third Law\Code\FlowNodes\Helpers\FlowGameEntityNode.cpp">
      <Filter>Flownodes</Filter>
    </ClInclude>
    <ClInclude Include="C:\Users\Azim\Documents\CRYENGINE Projects\The Third Law\Code\FlowNodes\Helpers\FlowGameEntityNode.h">
      <Filter>Flownodes</Filter>
    </ClInclude>
    <ClInclude Include="C:\Users\Azim\Documents\CRYENGINE Projects\The Third Law\Code\Startup\GameStartup.cpp">
      <Filter>Startup</Filter>
    </ClInclude>
    <ClInclude Include="C:\Users\Azim\Documents\CRYENGINE Projects\The Third Law\Code\Startup\GameStartup.h">
      <Filter>Startup</Filter>
    </ClInclude>
    <ClInclude Include="C:\Users\Azim\Documents\CRYENGINE Projects\The Third Law\Code\Entities\Gameplay\Weapons\Bullet.cpp">
      <Filter>Entities\Gameplay\Weapons</Filter>
    </ClInclude>
    <ClInclude Include="C:\Users\Azim\Documents\CRYENGINE Projects\The Third Law\Code\Entities\Gameplay\Weapons\Bullet.h">
      <Filter>Entities\Gameplay\Weapons</Filter>
    </ClInclude>
    <ClInclude Include="C:\Users\Azim\Documents\CRYENGINE Projects\The Third Law\Code\Entities\Gameplay\Weapons\ISimpleWeapon.h">
      <Filter>Entities\Gameplay\Weapons</Filter>
    </ClInclude>
    <ClInclude Include="C:\Users\Azim\Documents\CRYENGINE Projects\The Third Law\Code\Entities\Gameplay\Weapons\Rifle.cpp">
      <Filter>Entities\Gameplay\Weapons</Filter>
    </ClInclude>
    <ClInclude Include="C:\Users\Azim\Documents\CRYENGINE Projects\The Third Law\Code\Entities\Gameplay\Weapons\Rifle.h">
      <Filter>Entities\Gameplay\Weapons</Filter>
    </ClInclude>
    <ClInclude Include="C:\Users\Azim\Documents\CRYENGINE Projects\The Third Law\Code\Entities\Gameplay\SpawnPoint.cpp">
      <Filter>Entities\Gameplay</Filter>
    </ClInclude>
    <ClInclude Include="C:\Users\Azim\Documents\CRYENGINE Projects\The Third Law\Code\Entities\Gameplay\SpawnPoint.h">
      <Filter>Entities\Gameplay</Filter>
    </ClInclude>
    <ClInclude Include="C:\Users\Azim\Documents\CRYENGINE Projects\The Third Law\Code\Entities\Helpers\ISimpleExtension.h">
      <Filter>Entities\Helpers</Filter>
    </ClInclude>
    <ClInclude Include="C:\Users\Azim\Documents\CRYENGINE Projects\The Third Law\Code\Entities\Helpers\NativeEntityBase.cpp">
      <Filter>Entities\Helpers</Filter>
    </ClInclude>
    <ClInclude Include="C:\Users\Azim\Documents\CRYENGINE Projects\The Third Law\Code\Entities\Helpers\NativeEntityBase.h">
      <Filter>Entities\Helpers</Filter>
    </ClInclude>
    <ClInclude Include="C:\Users\Azim\Documents\CRYENGINE Projects\The Third Law\Code\Entities\Helpers\NativeEntityPropertyHandling.cpp">
      <Filter>Entities\Helpers</Filter>
    </ClInclude>
    <ClInclude Include="C:\Users\Azim\Documents\CRYENGINE Projects\The Third Law\Code\Entities\Helpers\NativeEntityPropertyHandling.h">
      <Filter>Entities\Helpers</Filter>
    </ClInclude>
    <ClInclude Include="C:\Users\Azim\Documents\CRYENGINE Projects\The Third Law\Code\Entities\Lights\LightEntity.cpp">
      <Filter>Entities\Lights</Filter>
    </ClInclude>
    <ClInclude Include="C:\Users\Azim\Documents\CRYENGINE Projects\The Third Law\Code\Entities\Lights\LightEntity.h">
      <Filter>Entities\Lights</Filter>
    </ClInclude>
    <ClInclude Include="C:\Users\Azim\Documents\CRYENGINE Projects\The Third Law\Code\Entities\Lights\EnvironmentProbe.cpp">
      <Filter>Entities\Lights</Filter>
    </ClInclude>
    <ClInclude Include="C:\Users\Azim\Documents\CRYENGINE Projects\The Third Law\Code\Entities\Lights\EnvironmentProbe.h">
      <Filter>Entities\Lights</Filter>
    </ClInclude>
    <ClInclude Include="C:\Users\Azim\Documents\CRYENGINE Projects\The Third Law\Code\Entities\Physics\RigidBody.cpp">
      <Filter>Entities\Physics</Filter>
    </ClInclude>
    <ClInclude Include="C:\Users\Azim\Documents\CRYENGINE Projects\The Third Law\Code\Entities\Physics\RigidBody.h">
      <Filter>Entities\Physics</Filter>
    </ClInclude>
    <ClInclude Include="C:\Users\Azim\Documents\CRYENGINE Projects\The Third Law\Code\Player\Player.cpp">
      <Filter>Player</Filter>
    </ClInclude>
    <ClInclude Include="C:\Users\Azim\Documents\CRYENGINE Projects\The Third Law\Code\Player\Player.h">
      <Filter>Player</Filter>
    </ClInclude>
    <ClInclude Include="C:\Users\Azim\Documents\CRYENGINE Projects\The Third Law\Code\Player\ISimpleActor.h">
      <Filter>Player</Filter>
    </ClInclude>
    <ClInclude Include="C:\Users\Azim\Documents\CRYENGINE Projects\The Third Law\Code\Player\Animations\PlayerAnimations.cpp">
      <Filter>Player\Animations</Filter>
    </ClInclude>
    <ClInclude Include="C:\Users\Azim\Documents\CRYENGINE Projects\The Third Law\Code\Player\Animations\PlayerAnimations.h">
      <Filter>Player\Animations</Filter>
    </ClInclude>
    <ClInclude Include="C:\Users\Azim\Documents\CRYENGINE Projects\The Third Law\Code\Player\Input\PlayerInput.cpp">
      <Filter>Player\Input</Filter>
    </ClInclude>
    <ClInclude Include="C:\Users\Azim\Documents\CRYENGINE Projects\The Third Law\Code\Player\Input\PlayerInput.h">
      <Filter>Player\Input</Filter>
    </ClInclude>
    <ClInclude Include="C:\Users\Azim\Documents\CRYENGINE Projects\The Third Law\Code\Player\Movement\PlayerMovement.cpp">
      <Filter>Player\Movement</Filter>
    </ClInclude>
    <ClInclude Include="C:\Users\Azim\Documents\CRYENGINE Projects\The Third Law\Code\Player\Movement\PlayerMovement.h">
      <Filter>Player\Movement</Filter>
    </ClInclude>
    <ClInclude Include="C:\Users\Azim\Documents\CRYENGINE Projects\The Third Law\Code\Player\View\PlayerView.cpp">
      <Filter>Player\View</Filter>
    </ClInclude>
    <ClInclude Include="C:\Users\Azim\Documents\CRYENGINE Projects\The Third Law\Code\Player\View\PlayerView.h">
      <Filter>Player\View</Filter>
    </ClInclude>
    <ClInclude Include="TierGenerator.h">
      <Filter>Game\ThirdLaw\Properties</Filter>
    </ClInclude>
    <ClInclude Include="NameGenerator.h">
      <Filter>Game\ThirdLaw\Properties</Filter>
    </ClInclude>
    <ClInclude Include="Property.h">
      <Filter>Game\ThirdLaw\Properties</Filter>
    </ClInclude>
    <ClInclude Include="Rock.h">
      <Filter>Game\ThirdLaw\Objects</Filter>
    </ClInclude>
    <ClInclude Include="EntitySpawner.h">
      <Filter>Game\ThirdLaw\Objects</Filter>
    </ClInclude>
    <ClInclude Include="Log.h">
      <Filter>Game\ThirdLaw\Objects</Filter>
    </ClInclude>
    <ClInclude Include="MyArea.h">
      <Filter>Game\ThirdLaw\Objects</Filter>
    </ClInclude>
  </ItemGroup>
  <ItemGroup>
    <CustomBuild Include="C:\Users\Azim\Documents\CRYENGINE Projects\The Third Law\Code\CMakeLists.txt" />
  </ItemGroup>
  <ItemGroup>
    <Filter Include="Entities\Gameplay\Weapons">
      <UniqueIdentifier>{14BD7034-23EF-3DE2-869E-54311B0C1D92}</UniqueIdentifier>
    </Filter>
    <Filter Include="Entities\Gameplay">
      <UniqueIdentifier>{9DA98FA5-CB94-311D-BF60-B7542206E327}</UniqueIdentifier>
    </Filter>
    <Filter Include="Entities\Helpers">
      <UniqueIdentifier>{272248FA-573A-33AF-9EA9-DEF143F3668D}</UniqueIdentifier>
    </Filter>
    <Filter Include="Entities\Lights">
      <UniqueIdentifier>{0B714127-1156-3121-B7B2-2673CA4C8B41}</UniqueIdentifier>
    </Filter>
    <Filter Include="Entities\Physics">
      <UniqueIdentifier>{DD16D75F-8A78-38F0-A933-7F431693D0D6}</UniqueIdentifier>
    </Filter>
    <Filter Include="Player\Animations">
      <UniqueIdentifier>{DB2D8180-FCAA-39A2-8FCF-0F92730CE8C8}</UniqueIdentifier>
    </Filter>
    <Filter Include="Player\Input">
      <UniqueIdentifier>{CD274D0A-BA9F-378E-B050-D4008CA115CD}</UniqueIdentifier>
    </Filter>
    <Filter Include="Player\Movement">
      <UniqueIdentifier>{7C3A7291-2947-3EFE-B96A-29AF30B5D997}</UniqueIdentifier>
    </Filter>
    <Filter Include="Player\View">
      <UniqueIdentifier>{96696382-26F0-3937-B7E1-1FCBF75FAAE7}</UniqueIdentifier>
    </Filter>
    <Filter Include="Dll">
      <UniqueIdentifier>{CBE7D076-E70F-3C2D-92F3-9F7B90DB1C02}</UniqueIdentifier>
    </Filter>
    <Filter Include="EditorSpecific">
      <UniqueIdentifier>{49F4ABCE-DD7E-3EA6-AD0D-181CD9DF711A}</UniqueIdentifier>
    </Filter>
    <Filter Include="Game">
      <UniqueIdentifier>{6B3971A6-1D7F-3206-A3A2-FF69BF02D844}</UniqueIdentifier>
    </Filter>
    <Filter Include="Flownodes">
      <UniqueIdentifier>{89DD888B-FC24-3E62-8A5F-005553BEE4CE}</UniqueIdentifier>
    </Filter>
    <Filter Include="Startup">
      <UniqueIdentifier>{1072F411-C44E-3338-8A77-95175D602969}</UniqueIdentifier>
    </Filter>
    <Filter Include="Entities">
      <UniqueIdentifier>{BA7D6F01-7F50-3882-9E9C-B02F63B670E7}</UniqueIdentifier>
    </Filter>
    <Filter Include="Player">
      <UniqueIdentifier>{0BECFEC9-3428-3404-808E-F0616A141162}</UniqueIdentifier>
    </Filter>
    <Filter Include="UBER FILES">
      <UniqueIdentifier>{0FDFBA5B-875E-3371-8DE6-80A3CD579E3C}</UniqueIdentifier>
    </Filter>
    <Filter Include="Game\ThirdLaw">
      <UniqueIdentifier>{e095ac73-472c-48a8-9ef2-0f3227ecd595}</UniqueIdentifier>
    </Filter>
    <Filter Include="Game\ThirdLaw\Properties">
      <UniqueIdentifier>{4f90d434-a35f-4642-9c79-7b4addb4e23e}</UniqueIdentifier>
    </Filter>
    <Filter Include="Game\ThirdLaw\Objects">
      <UniqueIdentifier>{925f7c01-e9a2-4845-b217-a06402d0e864}</UniqueIdentifier>
    </Filter>
  </ItemGroup>
</Project>